
Microsoft Visual Studio Solution File, Format Version 12.00
# Visual Studio 15
VisualStudioVersion = 15.0.27004.2008
MinimumVisualStudioVersion = 10.0.40219.1
Project("{FAE04EC0-301F-11D3-BF4B-00C04F79EFBC}") = "BitcoinAddressViewer", "BitcoinAddressViewer\BitcoinAddressViewer.csproj", "{C5EB8F5E-B60A-4E45-BBC2-DC3A49C1A891}"
EndProject
Global
	GlobalSection(SolutionConfigurationPlatforms) = preSolution
		Debug|Any CPU = Debug|Any CPU
		Release|Any CPU = Release|Any CPU
	EndGlobalSection
	GlobalSection(ProjectConfigurationPlatforms) = postSolution
		{C5EB8F5E-B60A-4E45-BBC2-DC3A49C1A891}.Debug|Any CPU.ActiveCfg = Debug|Any CPU
		{C5EB8F5E-B60A-4E45-BBC2-DC3A49C1A891}.Debug|Any CPU.Build.0 = Debug|Any CPU
		{C5EB8F5E-B60A-4E45-BBC2-DC3A49C1A891}.Release|Any CPU.ActiveCfg = Release|Any CPU
		{C5EB8F5E-B60A-4E45-BBC2-DC3A49C1A891}.Release|Any CPU.Build.0 = Release|Any CPU
	EndGlobalSection
	GlobalSection(SolutionProperties) = preSolution
		HideSolutionNode = FALSE
	EndGlobalSection
	GlobalSection(ExtensibilityGlobals) = postSolution
		SolutionGuid = {8AEAAA95-6241-4390-B3FE-5A9ACFEAFBB9}
	EndGlobalSection
EndGlobal
